
Microsoft Visual Studio Solution File, Format Version 11.00
# Visual Studio 2010
Project("{FAE04EC0-301F-11D3-BF4B-00C04F79EFBC}") = "Jungle Adventure", "Assembly-CSharp.csproj", "{7F719EF4-BB01-04D9-E3CC-2EF8C1F89ACE}"
EndProject
Global
	GlobalSection(SolutionConfigurationPlatforms) = preSolution
		Debug|Any CPU = Debug|Any CPU
		Release|Any CPU = Release|Any CPU
	EndGlobalSection
	GlobalSection(ProjectConfigurationPlatforms) = postSolution
		{7F719EF4-BB01-04D9-E3CC-2EF8C1F89ACE}.Debug|Any CPU.ActiveCfg = Debug|Any CPU
		{7F719EF4-BB01-04D9-E3CC-2EF8C1F89ACE}.Debug|Any CPU.Build.0 = Debug|Any CPU
		{7F719EF4-BB01-04D9-E3CC-2EF8C1F89ACE}.Release|Any CPU.ActiveCfg = Release|Any CPU
		{7F719EF4-BB01-04D9-E3CC-2EF8C1F89ACE}.Release|Any CPU.Build.0 = Release|Any CPU
	EndGlobalSection
	GlobalSection(SolutionProperties) = preSolution
		HideSolutionNode = FALSE
	EndGlobalSection
	GlobalSection(MonoDevelopProperties) = preSolution
		StartupItem = Assembly-CSharp.csproj
	EndGlobalSection
EndGlobal
